// !$*UTF8*$!
{
	archiveVersion = 1;
	classes = {
	};
	objectVersion = 77;
	objects = {

/* Begin PBXContainerItemProxy section */
		E737D8D22E4D7AC300AE8F70 /* PBXContainerItemProxy */ = {
			isa = PBXContainerItemProxy;
			containerPortal = E737D8B82E4D7AC200AE8F70 /* Project object */;
			proxyType = 1;
			remoteGlobalIDString = E737D8BF2E4D7AC200AE8F70;
			remoteInfo = "Zyn Tracking";
		};
		E737D8DC2E4D7AC300AE8F70 /* PBXContainerItemProxy */ = {
			isa = PBXContainerItemProxy;
			containerPortal = E737D8B82E4D7AC200AE8F70 /* Project object */;
			proxyType = 1;
			remoteGlobalIDString = E737D8BF2E4D7AC200AE8F70;
			remoteInfo = "Zyn Tracking";
		};
/* End PBXContainerItemProxy section */

/* Begin PBXFileReference section */
		E737D8C02E4D7AC200AE8F70 /* Zyn Tracking.app */ = {isa = PBXFileReference; explicitFileType = wrapper.application; includeInIndex = 0; path = "Zyn Tracking.app"; sourceTree = BUILT_PRODUCTS_DIR; };
		E737D8D12E4D7AC300AE8F70 /* Zyn TrackingTests.xctest */ = {isa = PBXFileReference; explicitFileType = wrapper.cfbundle; includeInIndex = 0; path = "Zyn TrackingTests.xctest"; sourceTree = BUILT_PRODUCTS_DIR; };
		E737D8DB2E4D7AC300AE8F70 /* Zyn TrackingUITests.xctest */ = {isa = PBXFileReference; explicitFileType = wrapper.cfbundle; includeInIndex = 0; path = "Zyn TrackingUITests.xctest"; sourceTree = BUILT_PRODUCTS_DIR; };
/* End PBXFileReference section */

/* Begin PBXFileSystemSynchronizedRootGroup section */
		E737D8C22E4D7AC200AE8F70 /* Zyn Tracking */ = {
			isa = PBXFileSystemSynchronizedRootGroup;
			path = "Zyn Tracking";
			sourceTree = "<group>";
		};
		E737D8D42E4D7AC300AE8F70 /* Zyn TrackingTests */ = {
			isa = PBXFileSystemSynchronizedRootGroup;
			path = "Zyn TrackingTests";
			sourceTree = "<group>";
		};
		E737D8DE2E4D7AC300AE8F70 /* Zyn TrackingUITests */ = {
			isa = PBXFileSystemSynchronizedRootGroup;
			path = "Zyn TrackingUITests";
			sourceTree = "<group>";
		};
/* End PBXFileSystemSynchronizedRootGroup section */

/* Begin PBXFrameworksBuildPhase section */
		E737D8BD2E4D7AC200AE8F70 /* Frameworks */ = {
			isa = PBXFrameworksBuildPhase;
			buildActionMask = 2147483647;
			files = (
			);
			runOnlyForDeploymentPostprocessing = 0;
		};
		E737D8CE2E4D7AC300AE8F70 /* Frameworks */ = {
			isa = PBXFrameworksBuildPhase;
			buildActionMask = 2147483647;
			files = (
			);
			runOnlyForDeploymentPostprocessing = 0;
		};
		E737D8D82E4D7AC300AE8F70 /* Frameworks */ = {
			isa = PBXFrameworksBuildPhase;
			buildActionMask = 2147483647;
			files = (
			);
			runOnlyForDeploymentPostprocessing = 0;
		};
/* End PBXFrameworksBuildPhase section */

/* Begin PBXGroup section */
		E737D8B72E4D7AC200AE8F70 = {
			isa = PBXGroup;
			children = (
				E737D8C22E4D7AC200AE8F70 /* Zyn Tracking */,
				E737D8D42E4D7AC300AE8F70 /* Zyn TrackingTests */,
				E737D8DE2E4D7AC300AE8F70 /* Zyn TrackingUITests */,
				E737D8C12E4D7AC200AE8F70 /* Products */,
			);
			sourceTree = "<group>";
		};
		E737D8C12E4D7AC200AE8F70 /* Products */ = {
			isa = PBXGroup;
			children = (
				E737D8C02E4D7AC200AE8F70 /* Zyn Tracking.app */,
				E737D8D12E4D7AC300AE8F70 /* Zyn TrackingTests.xctest */,
				E737D8DB2E4D7AC300AE8F70 /* Zyn TrackingUITests.xctest */,
			);
			name = Products;
			sourceTree = "<group>";
		};
/* End PBXGroup section */

/* Begin PBXNativeTarget section */
		E737D8BF2E4D7AC200AE8F70 /* Zyn Tracking */ = {
			isa = PBXNativeTarget;
			buildConfigurationList = E737D8E52E4D7AC300AE8F70 /* Build configuration list for PBXNativeTarget "Zyn Tracking" */;
			buildPhases = (
				E737D8BC2E4D7AC200AE8F70 /* Sources */,
				E737D8BD2E4D7AC200AE8F70 /* Frameworks */,
				E737D8BE2E4D7AC200AE8F70 /* Resources */,
			);
			buildRules = (
			);
			dependencies = (
			);
			fileSystemSynchronizedGroups = (
				E737D8C22E4D7AC200AE8F70 /* Zyn Tracking */,
			);
			name = "Zyn Tracking";
			packageProductDependencies = (
			);
			productName = "Zyn Tracking";
			productReference = E737D8C02E4D7AC200AE8F70 /* Zyn Tracking.app */;
			productType = "com.apple.product-type.application";
		};
		E737D8D02E4D7AC300AE8F70 /* Zyn TrackingTests */ = {
			isa = PBXNativeTarget;
			buildConfigurationList = E737D8E82E4D7AC300AE8F70 /* Build configuration list for PBXNativeTarget "Zyn TrackingTests" */;
			buildPhases = (
				E737D8CD2E4D7AC300AE8F70 /* Sources */,
				E737D8CE2E4D7AC300AE8F70 /* Frameworks */,
				E737D8CF2E4D7AC300AE8F70 /* Resources */,
			);
			buildRules = (
			);
			dependencies = (
				E737D8D32E4D7AC300AE8F70 /* PBXTargetDependency */,
			);
			fileSystemSynchronizedGroups = (
				E737D8D42E4D7AC300AE8F70 /* Zyn TrackingTests */,
			);
			name = "Zyn TrackingTests";
			packageProductDependencies = (
			);
			productName = "Zyn TrackingTests";
			productReference = E737D8D12E4D7AC300AE8F70 /* Zyn TrackingTests.xctest */;
			productType = "com.apple.product-type.bundle.unit-test";
		};
		E737D8DA2E4D7AC300AE8F70 /* Zyn TrackingUITests */ = {
			isa = PBXNativeTarget;
			buildConfigurationList = E737D8EB2E4D7AC300AE8F70 /* Build configuration list for PBXNativeTarget "Zyn TrackingUITests" */;
			buildPhases = (
				E737D8D72E4D7AC300AE8F70 /* Sources */,
				E737D8D82E4D7AC300AE8F70 /* Frameworks */,
				E737D8D92E4D7AC300AE8F70 /* Resources */,
			);
			buildRules = (
			);
			dependencies = (
				E737D8DD2E4D7AC300AE8F70 /* PBXTargetDependency */,
			);
			fileSystemSynchronizedGroups = (
				E737D8DE2E4D7AC300AE8F70 /* Zyn TrackingUITests */,
			);
			name = "Zyn TrackingUITests";
			packageProductDependencies = (
			);
			productName = "Zyn TrackingUITests";
			productReference = E737D8DB2E4D7AC300AE8F70 /* Zyn TrackingUITests.xctest */;
			productType = "com.apple.product-type.bundle.ui-testing";
		};
/* End PBXNativeTarget section */

/* Begin PBXProject section */
		E737D8B82E4D7AC200AE8F70 /* Project object */ = {
			isa = PBXProject;
			attributes = {
				BuildIndependentTargetsInParallel = 1;
				LastSwiftUpdateCheck = 1620;
				LastUpgradeCheck = 1620;
				TargetAttributes = {
					E737D8BF2E4D7AC200AE8F70 = {
						CreatedOnToolsVersion = 16.2;
					};
					E737D8D02E4D7AC300AE8F70 = {
						CreatedOnToolsVersion = 16.2;
						TestTargetID = E737D8BF2E4D7AC200AE8F70;
					};
					E737D8DA2E4D7AC300AE8F70 = {
						CreatedOnToolsVersion = 16.2;
						TestTargetID = E737D8BF2E4D7AC200AE8F70;
					};
				};
			};
			buildConfigurationList = E737D8BB2E4D7AC200AE8F70 /* Build configuration list for PBXProject "Zyn Tracking" */;
			developmentRegion = en;
			hasScannedForEncodings = 0;
			knownRegions = (
				en,
				Base,
			);
			mainGroup = E737D8B72E4D7AC200AE8F70;
			minimizedProjectReferenceProxies = 1;
			preferredProjectObjectVersion = 77;
			productRefGroup = E737D8C12E4D7AC200AE8F70 /* Products */;
			projectDirPath = "";
			projectRoot = "";
			targets = (
				E737D8BF2E4D7AC200AE8F70 /* Zyn Tracking */,
				E737D8D02E4D7AC300AE8F70 /* Zyn TrackingTests */,
				E737D8DA2E4D7AC300AE8F70 /* Zyn TrackingUITests */,
			);
		};
/* End PBXProject section */

/* Begin PBXResourcesBuildPhase section */
		E737D8BE2E4D7AC200AE8F70 /* Resources */ = {
			isa = PBXResourcesBuildPhase;
			buildActionMask = 2147483647;
			files = (
			);
			runOnlyForDeploymentPostprocessing = 0;
		};
		E737D8CF2E4D7AC300AE8F70 /* Resources */ = {
			isa = PBXResourcesBuildPhase;
			buildActionMask = 2147483647;
			files = (
			);
			runOnlyForDeploymentPostprocessing = 0;
		};
		E737D8D92E4D7AC300AE8F70 /* Resources */ = {
			isa = PBXResourcesBuildPhase;
			buildActionMask = 2147483647;
			files = (
			);
			runOnlyForDeploymentPostprocessing = 0;
		};
/* End PBXResourcesBuildPhase section */

/* Begin PBXSourcesBuildPhase section */
		E737D8BC2E4D7AC200AE8F70 /* Sources */ = {
			isa = PBXSourcesBuildPhase;
			buildActionMask = 2147483647;
			files = (
			);
			runOnlyForDeploymentPostprocessing = 0;
		};
		E737D8CD2E4D7AC300AE8F70 /* Sources */ = {
			isa = PBXSourcesBuildPhase;
			buildActionMask = 2147483647;
			files = (
			);
			runOnlyForDeploymentPostprocessing = 0;
		};
		E737D8D72E4D7AC300AE8F70 /* Sources */ = {
			isa = PBXSourcesBuildPhase;
			buildActionMask = 2147483647;
			files = (
			);
			runOnlyForDeploymentPostprocessing = 0;
		};
/* End PBXSourcesBuildPhase section */

/* Begin PBXTargetDependency section */
		E737D8D32E4D7AC300AE8F70 /* PBXTargetDependency */ = {
			isa = PBXTargetDependency;
			target = E737D8BF2E4D7AC200AE8F70 /* Zyn Tracking */;
			targetProxy = E737D8D22E4D7AC300AE8F70 /* PBXContainerItemProxy */;
		};
		E737D8DD2E4D7AC300AE8F70 /* PBXTargetDependency */ = {
			isa = PBXTargetDependency;
			target = E737D8BF2E4D7AC200AE8F70 /* Zyn Tracking */;
			targetProxy = E737D8DC2E4D7AC300AE8F70 /* PBXContainerItemProxy */;
		};
/* End PBXTargetDependency section */

/* Begin XCBuildConfiguration section */
		E737D8E32E4D7AC300AE8F70 /* Debug */ = {
			isa = XCBuildConfiguration;
			buildSettings = {
				ALWAYS_SEARCH_USER_PATHS = NO;
				ASSETCATALOG_COMPILER_GENERATE_SWIFT_ASSET_SYMBOL_EXTENSIONS = YES;
				CLANG_ANALYZER_NONNULL = YES;
				CLANG_ANALYZER_NUMBER_OBJECT_CONVERSION = YES_AGGRESSIVE;
				CLANG_CXX_LANGUAGE_STANDARD = "gnu++20";
				CLANG_ENABLE_MODULES = YES;
				CLANG_ENABLE_OBJC_ARC = YES;
				CLANG_ENABLE_OBJC_WEAK = YES;
				CLANG_WARN_BLOCK_CAPTURE_AUTORELEASING = YES;
				CLANG_WARN_BOOL_CONVERSION = YES;
				CLANG_WARN_COMMA = YES;
				CLANG_WARN_CONSTANT_CONVERSION = YES;
				CLANG_WARN_DEPRECATED_OBJC_IMPLEMENTATIONS = YES;
				CLANG_WARN_DIRECT_OBJC_ISA_USAGE = YES_ERROR;
				CLANG_WARN_DOCUMENTATION_COMMENTS = YES;
				CLANG_WARN_EMPTY_BODY = YES;
				CLANG_WARN_ENUM_CONVERSION = YES;
				CLANG_WARN_INFINITE_RECURSION = YES;
				CLANG_WARN_INT_CONVERSION = YES;
				CLANG_WARN_NON_LITERAL_NULL_CONVERSION = YES;
				CLANG_WARN_OBJC_IMPLICIT_RETAIN_SELF = YES;
				CLANG_WARN_OBJC_LITERAL_CONVERSION = YES;
				CLANG_WARN_OBJC_ROOT_CLASS = YES_ERROR;
				CLANG_WARN_QUOTED_INCLUDE_IN_FRAMEWORK_HEADER = YES;
				CLANG_WARN_RANGE_LOOP_ANALYSIS = YES;
				CLANG_WARN_STRICT_PROTOTYPES = YES;
				CLANG_WARN_SUSPICIOUS_MOVE = YES;
				CLANG_WARN_UNGUARDED_AVAILABILITY = YES_AGGRESSIVE;
				CLANG_WARN_UNREACHABLE_CODE = YES;
				CLANG_WARN__DUPLICATE_METHOD_MATCH = YES;
				COPY_PHASE_STRIP = NO;
				DEBUG_INFORMATION_FORMAT = dwarf;
				ENABLE_STRICT_OBJC_MSGSEND = YES;
				ENABLE_TESTABILITY = YES;
				ENABLE_USER_SCRIPT_SANDBOXING = YES;
				GCC_C_LANGUAGE_STANDARD = gnu17;
				GCC_DYNAMIC_NO_PIC = NO;
				GCC_NO_COMMON_BLOCKS = YES;
				GCC_OPTIMIZATION_LEVEL = 0;
				GCC_PREPROCESSOR_DEFINITIONS = (
					"DEBUG=1",
					"$(inherited)",
				);
				GCC_WARN_64_TO_32_BIT_CONVERSION = YES;
				GCC_WARN_ABOUT_RETURN_TYPE = YES_ERROR;
				GCC_WARN_UNDECLARED_SELECTOR = YES;
				GCC_WARN_UNINITIALIZED_AUTOS = YES_AGGRESSIVE;
				GCC_WARN_UNUSED_FUNCTION = YES;
				GCC_WARN_UNUSED_VARIABLE = YES;
				LOCALIZATION_PREFERS_STRING_CATALOGS = YES;
				MTL_ENABLE_DEBUG_INFO = INCLUDE_SOURCE;
				MTL_FAST_MATH = YES;
				ONLY_ACTIVE_ARCH = YES;
				SWIFT_ACTIVE_COMPILATION_CONDITIONS = "DEBUG $(inherited)";
				SWIFT_OPTIMIZATION_LEVEL = "-Onone";
			};
			name = Debug;
		};
		E737D8E42E4D7AC300AE8F70 /* Release */ = {
			isa = XCBuildConfiguration;
			buildSettings = {
				ALWAYS_SEARCH_USER_PATHS = NO;
				ASSETCATALOG_COMPILER_GENERATE_SWIFT_ASSET_SYMBOL_EXTENSIONS = YES;
				CLANG_ANALYZER_NONNULL = YES;
				CLANG_ANALYZER_NUMBER_OBJECT_CONVERSION = YES_AGGRESSIVE;
				CLANG_CXX_LANGUAGE_STANDARD = "gnu++20";
				CLANG_ENABLE_MODULES = YES;
				CLANG_ENABLE_OBJC_ARC = YES;
				CLANG_ENABLE_OBJC_WEAK = YES;
				CLANG_WARN_BLOCK_CAPTURE_AUTORELEASING = YES;
				CLANG_WARN_BOOL_CONVERSION = YES;
				CLANG_WARN_COMMA = YES;
				CLANG_WARN_CONSTANT_CONVERSION = YES;
				CLANG_WARN_DEPRECATED_OBJC_IMPLEMENTATIONS = YES;
				CLANG_WARN_DIRECT_OBJC_ISA_USAGE = YES_ERROR;
				CLANG_WARN_DOCUMENTATION_COMMENTS = YES;
				CLANG_WARN_EMPTY_BODY = YES;
				CLANG_WARN_ENUM_CONVERSION = YES;
				CLANG_WARN_INFINITE_RECURSION = YES;
				CLANG_WARN_INT_CONVERSION = YES;
				CLANG_WARN_NON_LITERAL_NULL_CONVERSION = YES;
				CLANG_WARN_OBJC_IMPLICIT_RETAIN_SELF = YES;
				CLANG_WARN_OBJC_LITERAL_CONVERSION = YES;
				CLANG_WARN_OBJC_ROOT_CLASS = YES_ERROR;
				CLANG_WARN_QUOTED_INCLUDE_IN_FRAMEWORK_HEADER = YES;
				CLANG_WARN_RANGE_LOOP_ANALYSIS = YES;
				CLANG_WARN_STRICT_PROTOTYPES = YES;
				CLANG_WARN_SUSPICIOUS_MOVE = YES;
				CLANG_WARN_UNGUARDED_AVAILABILITY = YES_AGGRESSIVE;
				CLANG_WARN_UNREACHABLE_CODE = YES;
				CLANG_WARN__DUPLICATE_METHOD_MATCH = YES;
				COPY_PHASE_STRIP = NO;
				DEBUG_INFORMATION_FORMAT = "dwarf-with-dsym";
				ENABLE_NS_ASSERTIONS = NO;
				ENABLE_STRICT_OBJC_MSGSEND = YES;
				ENABLE_USER_SCRIPT_SANDBOXING = YES;
				GCC_C_LANGUAGE_STANDARD = gnu17;
				GCC_NO_COMMON_BLOCKS = YES;
				GCC_WARN_64_TO_32_BIT_CONVERSION = YES;
				GCC_WARN_ABOUT_RETURN_TYPE = YES_ERROR;
				GCC_WARN_UNDECLARED_SELECTOR = YES;
				GCC_WARN_UNINITIALIZED_AUTOS = YES_AGGRESSIVE;
				GCC_WARN_UNUSED_FUNCTION = YES;
				GCC_WARN_UNUSED_VARIABLE = YES;
				LOCALIZATION_PREFERS_STRING_CATALOGS = YES;
				MTL_ENABLE_DEBUG_INFO = NO;
				MTL_FAST_MATH = YES;
				SWIFT_COMPILATION_MODE = wholemodule;
			};
			name = Release;
		};
		E737D8E62E4D7AC300AE8F70 /* Debug */ = {
			isa = XCBuildConfiguration;
			buildSettings = {
				ASSETCATALOG_COMPILER_APPICON_NAME = AppIcon;
				ASSETCATALOG_COMPILER_GLOBAL_ACCENT_COLOR_NAME = AccentColor;
				CODE_SIGN_ENTITLEMENTS = "Zyn Tracking/Zyn_Tracking.entitlements";
				CODE_SIGN_STYLE = Automatic;
				CURRENT_PROJECT_VERSION = 1;
				DEVELOPMENT_ASSET_PATHS = "\"Zyn Tracking/Preview Content\"";
				DEVELOPMENT_TEAM = Z38B74RDJF;
				ENABLE_HARDENED_RUNTIME = YES;
				ENABLE_PREVIEWS = YES;
				GENERATE_INFOPLIST_FILE = YES;
				"INFOPLIST_KEY_UIApplicationSceneManifest_Generation[sdk=iphoneos*]" = YES;
				"INFOPLIST_KEY_UIApplicationSceneManifest_Generation[sdk=iphonesimulator*]" = YES;
				"INFOPLIST_KEY_UIApplicationSupportsIndirectInputEvents[sdk=iphoneos*]" = YES;
				"INFOPLIST_KEY_UIApplicationSupportsIndirectInputEvents[sdk=iphonesimulator*]" = YES;
				"INFOPLIST_KEY_UILaunchScreen_Generation[sdk=iphoneos*]" = YES;
				"INFOPLIST_KEY_UILaunchScreen_Generation[sdk=iphonesimulator*]" = YES;
				"INFOPLIST_KEY_UIStatusBarStyle[sdk=iphoneos*]" = UIStatusBarStyleDefault;
				"INFOPLIST_KEY_UIStatusBarStyle[sdk=iphonesimulator*]" = UIStatusBarStyleDefault;
				INFOPLIST_KEY_UISupportedInterfaceOrientations_iPad = "UIInterfaceOrientationPortrait UIInterfaceOrientationPortraitUpsideDown UIInterfaceOrientationLandscapeLeft UIInterfaceOrientationLandscapeRight";
				INFOPLIST_KEY_UISupportedInterfaceOrientations_iPhone = "UIInterfaceOrientationPortrait UIInterfaceOrientationLandscapeLeft UIInterfaceOrientationLandscapeRight";
				IPHONEOS_DEPLOYMENT_TARGET = 18.2;
				LD_RUNPATH_SEARCH_PATHS = "@executable_path/Frameworks";
				"LD_RUNPATH_SEARCH_PATHS[sdk=macosx*]" = "@executable_path/../Frameworks";
				MACOSX_DEPLOYMENT_TARGET = 15.2;
				MARKETING_VERSION = 1.0;
				PRODUCT_BUNDLE_IDENTIFIER = "personal.Zyn-Tracking";
				PRODUCT_NAME = "$(TARGET_NAME)";
				SDKROOT = auto;
				SUPPORTED_PLATFORMS = "iphoneos iphonesimulator macosx xros xrsimulator";
				SWIFT_EMIT_LOC_STRINGS = YES;
				SWIFT_VERSION = 5.0;
				TARGETED_DEVICE_FAMILY = "1,2,7";
				XROS_DEPLOYMENT_TARGET = 2.2;
			};
			name = Debug;
		};
		E737D8E72E4D7AC300AE8F70 /* Release */ = {
			isa = XCBuildConfiguration;
			buildSettings = {
				ASSETCATALOG_COMPILER_APPICON_NAME = AppIcon;
				ASSETCATALOG_COMPILER_GLOBAL_ACCENT_COLOR_NAME = AccentColor;
				CODE_SIGN_ENTITLEMENTS = "Zyn Tracking/Zyn_Tracking.entitlements";
				CODE_SIGN_STYLE = Automatic;
				CURRENT_PROJECT_VERSION = 1;
				DEVELOPMENT_ASSET_PATHS = "\"Zyn Tracking/Preview Content\"";
				DEVELOPMENT_TEAM = Z38B74RDJF;
				ENABLE_HARDENED_RUNTIME = YES;
				ENABLE_PREVIEWS = YES;
				GENERATE_INFOPLIST_FILE = YES;
				"INFOPLIST_KEY_UIApplicationSceneManifest_Generation[sdk=iphoneos*]" = YES;
				"INFOPLIST_KEY_UIApplicationSceneManifest_Generation[sdk=iphonesimulator*]" = YES;
				"INFOPLIST_KEY_UIApplicationSupportsIndirectInputEvents[sdk=iphoneos*]" = YES;
				"INFOPLIST_KEY_UIApplicationSupportsIndirectInputEvents[sdk=iphonesimulator*]" = YES;
				"INFOPLIST_KEY_UILaunchScreen_Generation[sdk=iphoneos*]" = YES;
				"INFOPLIST_KEY_UILaunchScreen_Generation[sdk=iphonesimulator*]" = YES;
				"INFOPLIST_KEY_UIStatusBarStyle[sdk=iphoneos*]" = UIStatusBarStyleDefault;
				"INFOPLIST_KEY_UIStatusBarStyle[sdk=iphonesimulator*]" = UIStatusBarStyleDefault;
				INFOPLIST_KEY_UISupportedInterfaceOrientations_iPad = "UIInterfaceOrientationPortrait UIInterfaceOrientationPortraitUpsideDown UIInterfaceOrientationLandscapeLeft UIInterfaceOrientationLandscapeRight";
				INFOPLIST_KEY_UISupportedInterfaceOrientations_iPhone = "UIInterfaceOrientationPortrait UIInterfaceOrientationLandscapeLeft UIInterfaceOrientationLandscapeRight";
				IPHONEOS_DEPLOYMENT_TARGET = 18.2;
				LD_RUNPATH_SEARCH_PATHS = "@executable_path/Frameworks";
				"LD_RUNPATH_SEARCH_PATHS[sdk=macosx*]" = "@executable_path/../Frameworks";
				MACOSX_DEPLOYMENT_TARGET = 15.2;
				MARKETING_VERSION = 1.0;
				PRODUCT_BUNDLE_IDENTIFIER = "personal.Zyn-Tracking";
				PRODUCT_NAME = "$(TARGET_NAME)";
				SDKROOT = auto;
				SUPPORTED_PLATFORMS = "iphoneos iphonesimulator macosx xros xrsimulator";
				SWIFT_EMIT_LOC_STRINGS = YES;
				SWIFT_VERSION = 5.0;
				TARGETED_DEVICE_FAMILY = "1,2,7";
				XROS_DEPLOYMENT_TARGET = 2.2;
			};
			name = Release;
		};
		E737D8E92E4D7AC300AE8F70 /* Debug */ = {
			isa = XCBuildConfiguration;
			buildSettings = {
				BUNDLE_LOADER = "$(TEST_HOST)";
				CODE_SIGN_STYLE = Automatic;
				CURRENT_PROJECT_VERSION = 1;
				DEVELOPMENT_TEAM = Z38B74RDJF;
				GENERATE_INFOPLIST_FILE = YES;
				IPHONEOS_DEPLOYMENT_TARGET = 18.2;
				MACOSX_DEPLOYMENT_TARGET = 15.2;
				MARKETING_VERSION = 1.0;
				PRODUCT_BUNDLE_IDENTIFIER = "personal.Zyn-TrackingTests";
				PRODUCT_NAME = "$(TARGET_NAME)";
				SDKROOT = auto;
				SUPPORTED_PLATFORMS = "iphoneos iphonesimulator macosx xros xrsimulator";
				SWIFT_EMIT_LOC_STRINGS = NO;
				SWIFT_VERSION = 5.0;
				TARGETED_DEVICE_FAMILY = "1,2,7";
				TEST_HOST = "$(BUILT_PRODUCTS_DIR)/Zyn Tracking.app/$(BUNDLE_EXECUTABLE_FOLDER_PATH)/Zyn Tracking";
				XROS_DEPLOYMENT_TARGET = 2.2;
			};
			name = Debug;
		};
		E737D8EA2E4D7AC300AE8F70 /* Release */ = {
			isa = XCBuildConfiguration;
			buildSettings = {
				BUNDLE_LOADER = "$(TEST_HOST)";
				CODE_SIGN_STYLE = Automatic;
				CURRENT_PROJECT_VERSION = 1;
				DEVELOPMENT_TEAM = Z38B74RDJF;
				GENERATE_INFOPLIST_FILE = YES;
				IPHONEOS_DEPLOYMENT_TARGET = 18.2;
				MACOSX_DEPLOYMENT_TARGET = 15.2;
				MARKETING_VERSION = 1.0;
				PRODUCT_BUNDLE_IDENTIFIER = "personal.Zyn-TrackingTests";
				PRODUCT_NAME = "$(TARGET_NAME)";
				SDKROOT = auto;
				SUPPORTED_PLATFORMS = "iphoneos iphonesimulator macosx xros xrsimulator";
				SWIFT_EMIT_LOC_STRINGS = NO;
				SWIFT_VERSION = 5.0;
				TARGETED_DEVICE_FAMILY = "1,2,7";
				TEST_HOST = "$(BUILT_PRODUCTS_DIR)/Zyn Tracking.app/$(BUNDLE_EXECUTABLE_FOLDER_PATH)/Zyn Tracking";
				XROS_DEPLOYMENT_TARGET = 2.2;
			};
			name = Release;
		};
		E737D8EC2E4D7AC300AE8F70 /* Debug */ = {
			isa = XCBuildConfiguration;
			buildSettings = {
				CODE_SIGN_STYLE = Automatic;
				CURRENT_PROJECT_VERSION = 1;
				DEVELOPMENT_TEAM = Z38B74RDJF;
				GENERATE_INFOPLIST_FILE = YES;
				IPHONEOS_DEPLOYMENT_TARGET = 18.2;
				MACOSX_DEPLOYMENT_TARGET = 15.2;
				MARKETING_VERSION = 1.0;
				PRODUCT_BUNDLE_IDENTIFIER = "personal.Zyn-TrackingUITests";
				PRODUCT_NAME = "$(TARGET_NAME)";
				SDKROOT = auto;
				SUPPORTED_PLATFORMS = "iphoneos iphonesimulator macosx xros xrsimulator";
				SWIFT_EMIT_LOC_STRINGS = NO;
				SWIFT_VERSION = 5.0;
				TARGETED_DEVICE_FAMILY = "1,2,7";
				TEST_TARGET_NAME = "Zyn Tracking";
				XROS_DEPLOYMENT_TARGET = 2.2;
			};
			name = Debug;
		};
		E737D8ED2E4D7AC300AE8F70 /* Release */ = {
			isa = XCBuildConfiguration;
			buildSettings = {
				CODE_SIGN_STYLE = Automatic;
				CURRENT_PROJECT_VERSION = 1;
				DEVELOPMENT_TEAM = Z38B74RDJF;
				GENERATE_INFOPLIST_FILE = YES;
				IPHONEOS_DEPLOYMENT_TARGET = 18.2;
				MACOSX_DEPLOYMENT_TARGET = 15.2;
				MARKETING_VERSION = 1.0;
				PRODUCT_BUNDLE_IDENTIFIER = "personal.Zyn-TrackingUITests";
				PRODUCT_NAME = "$(TARGET_NAME)";
				SDKROOT = auto;
				SUPPORTED_PLATFORMS = "iphoneos iphonesimulator macosx xros xrsimulator";
				SWIFT_EMIT_LOC_STRINGS = NO;
				SWIFT_VERSION = 5.0;
				TARGETED_DEVICE_FAMILY = "1,2,7";
				TEST_TARGET_NAME = "Zyn Tracking";
				XROS_DEPLOYMENT_TARGET = 2.2;
			};
			name = Release;
		};
/* End XCBuildConfiguration section */

/* Begin XCConfigurationList section */
		E737D8BB2E4D7AC200AE8F70 /* Build configuration list for PBXProject "Zyn Tracking" */ = {
			isa = XCConfigurationList;
			buildConfigurations = (
				E737D8E32E4D7AC300AE8F70 /* Debug */,
				E737D8E42E4D7AC300AE8F70 /* Release */,
			);
			defaultConfigurationIsVisible = 0;
			defaultConfigurationName = Release;
		};
		E737D8E52E4D7AC300AE8F70 /* Build configuration list for PBXNativeTarget "Zyn Tracking" */ = {
			isa = XCConfigurationList;
			buildConfigurations = (
				E737D8E62E4D7AC300AE8F70 /* Debug */,
				E737D8E72E4D7AC300AE8F70 /* Release */,
			);
			defaultConfigurationIsVisible = 0;
			defaultConfigurationName = Release;
		};
		E737D8E82E4D7AC300AE8F70 /* Build configuration list for PBXNativeTarget "Zyn TrackingTests" */ = {
			isa = XCConfigurationList;
			buildConfigurations = (
				E737D8E92E4D7AC300AE8F70 /* Debug */,
				E737D8EA2E4D7AC300AE8F70 /* Release */,
			);
			defaultConfigurationIsVisible = 0;
			defaultConfigurationName = Release;
		};
		E737D8EB2E4D7AC300AE8F70 /* Build configuration list for PBXNativeTarget "Zyn TrackingUITests" */ = {
			isa = XCConfigurationList;
			buildConfigurations = (
				E737D8EC2E4D7AC300AE8F70 /* Debug */,
				E737D8ED2E4D7AC300AE8F70 /* Release */,
			);
			defaultConfigurationIsVisible = 0;
			defaultConfigurationName = Release;
		};
/* End XCConfigurationList section */
	};
	rootObject = E737D8B82E4D7AC200AE8F70 /* Project object */;
}
